
Microsoft Visual Studio Solution File, Format Version 12.00
# Visual Studio Version 17
VisualStudioVersion = 17.0.31919.166
MinimumVisualStudioVersion = 10.0.40219.1
Project("{FAE04EC0-301F-11D3-BF4B-00C04F79EFBC}") = "Gateway.API", "Gateway.API\Gateway.API.csproj", "{73784A6F-6335-4389-8719-E573F0080FD6}"
EndProject
Project("{FAE04EC0-301F-11D3-BF4B-00C04F79EFBC}") = "Products.API", "Products.API\Products.API.csproj", "{07B1BA94-C119-4114-823B-BE257A695F7F}"
EndProject
Project("{2150E333-8FDC-42A3-9474-1A3956D46DE8}") = "Microservices", "Microservices", "{88707F7A-2C84-45B1-AACD-9C3690C67033}"
EndProject
Project("{FAE04EC0-301F-11D3-BF4B-00C04F79EFBC}") = "Customers.API", "Customers.API\Customers.API.csproj", "{4E77697B-B402-441A-A822-F732C9AAFA76}"
EndProject
Global
	GlobalSection(SolutionConfigurationPlatforms) = preSolution
		Debug|Any CPU = Debug|Any CPU
		Release|Any CPU = Release|Any CPU
	EndGlobalSection
	GlobalSection(ProjectConfigurationPlatforms) = postSolution
		{73784A6F-6335-4389-8719-E573F0080FD6}.Debug|Any CPU.ActiveCfg = Debug|Any CPU
		{73784A6F-6335-4389-8719-E573F0080FD6}.Debug|Any CPU.Build.0 = Debug|Any CPU
		{73784A6F-6335-4389-8719-E573F0080FD6}.Release|Any CPU.ActiveCfg = Release|Any CPU
		{73784A6F-6335-4389-8719-E573F0080FD6}.Release|Any CPU.Build.0 = Release|Any CPU
		{07B1BA94-C119-4114-823B-BE257A695F7F}.Debug|Any CPU.ActiveCfg = Debug|Any CPU
		{07B1BA94-C119-4114-823B-BE257A695F7F}.Debug|Any CPU.Build.0 = Debug|Any CPU
		{07B1BA94-C119-4114-823B-BE257A695F7F}.Release|Any CPU.ActiveCfg = Release|Any CPU
		{07B1BA94-C119-4114-823B-BE257A695F7F}.Release|Any CPU.Build.0 = Release|Any CPU
		{4E77697B-B402-441A-A822-F732C9AAFA76}.Debug|Any CPU.ActiveCfg = Debug|Any CPU
		{4E77697B-B402-441A-A822-F732C9AAFA76}.Debug|Any CPU.Build.0 = Debug|Any CPU
		{4E77697B-B402-441A-A822-F732C9AAFA76}.Release|Any CPU.ActiveCfg = Release|Any CPU
		{4E77697B-B402-441A-A822-F732C9AAFA76}.Release|Any CPU.Build.0 = Release|Any CPU
	EndGlobalSection
	GlobalSection(SolutionProperties) = preSolution
		HideSolutionNode = FALSE
	EndGlobalSection
	GlobalSection(NestedProjects) = preSolution
		{07B1BA94-C119-4114-823B-BE257A695F7F} = {88707F7A-2C84-45B1-AACD-9C3690C67033}
		{4E77697B-B402-441A-A822-F732C9AAFA76} = {88707F7A-2C84-45B1-AACD-9C3690C67033}
	EndGlobalSection
	GlobalSection(ExtensibilityGlobals) = postSolution
		SolutionGuid = {12587228-5078-426B-94F6-DFCA4EFC3E7C}
	EndGlobalSection
EndGlobal
